
Microsoft Visual Studio Solution File, Format Version 12.00
# Visual Studio Version 17
VisualStudioVersion = 17.3.32901.215
MinimumVisualStudioVersion = 10.0.40219.1
Project("{FAE04EC0-301F-11D3-BF4B-00C04F79EFBC}") = "QuanLyTrongNam", "QuanLyTrongNam\QuanLyTrongNam.csproj", "{0BB3354E-7877-4390-A0EB-D39D99D1338D}"
EndProject
Global
	GlobalSection(SolutionConfigurationPlatforms) = preSolution
		Debug|Any CPU = Debug|Any CPU
		Release|Any CPU = Release|Any CPU
	EndGlobalSection
	GlobalSection(ProjectConfigurationPlatforms) = postSolution
		{0BB3354E-7877-4390-A0EB-D39D99D1338D}.Debug|Any CPU.ActiveCfg = Debug|Any CPU
		{0BB3354E-7877-4390-A0EB-D39D99D1338D}.Debug|Any CPU.Build.0 = Debug|Any CPU
		{0BB3354E-7877-4390-A0EB-D39D99D1338D}.Release|Any CPU.ActiveCfg = Release|Any CPU
		{0BB3354E-7877-4390-A0EB-D39D99D1338D}.Release|Any CPU.Build.0 = Release|Any CPU
	EndGlobalSection
	GlobalSection(SolutionProperties) = preSolution
		HideSolutionNode = FALSE
	EndGlobalSection
	GlobalSection(ExtensibilityGlobals) = postSolution
		SolutionGuid = {27A06ADA-4C8B-4282-966A-B3BF336CA4C7}
	EndGlobalSection
EndGlobal
